PODS:
  - AirGap (0.1.0):
    - NSURL+QueryDictionary
    - Yaml
  - Alamofire (4.5.1)
  - AlamofireImage (3.3.0):
    - Alamofire (~> 4.5)
  - carousel (0.1.0):
    - AirGap
    - Alamofire
  - carousel-light (0.1.0):
    - AirGap
  - checkout (0.1.0):
    - AirGap
    - Alamofire
    - AlamofireImage
  - dealdetails (0.1.0):
    - AirGap
    - Alamofire
    - AlamofireImage
  - NSURL+QueryDictionary (1.2.0)
  - SwiftyJSON (3.1.4)
  - Yaml (3.3.1)

DEPENDENCIES:
  - AirGap (from `../air-gap/`)
  - Alamofire
  - carousel (from `../carousel`)
  - carousel-light (from `../carousel-light`)
  - checkout (from `../checkout`)
  - dealdetails (from `../dealdetails`)
  - SwiftyJSON

EXTERNAL SOURCES:
  AirGap:
    :path: ../air-gap/
  carousel:
    :path: ../carousel
  carousel-light:
    :path: ../carousel-light
  checkout:
    :path: ../checkout
  dealdetails:
    :path: ../dealdetails

SPEC CHECKSUMS:
  AirGap: 840c90ec4958a3fe734202a3683e50ca3fe8abf7
  Alamofire: 2d95912bf4c34f164fdfc335872e8c312acaea4a
  AlamofireImage: 2e784dc5d00f04903a52c1d169181469c805c3df
  carousel: c8ce35ac0d004539a190fa48eabc7c819353b6ac
  carousel-light: befa9b4086381c0545543c40b5b85ee62115aa60
  checkout: 3b07241b060d3b888afb5602a5c12862308906e9
  dealdetails: c6bfcd0e3004d9e076fb3b4e2ac6e25bcf614fe2
  NSURL+QueryDictionary: bae616404e2adf6409d3d5c02a093cbf44c8a236
  SwiftyJSON: c2842d878f95482ffceec5709abc3d05680c0220
  Yaml: 18b2cf7301c4132e2bbb508a6921d2637ed3046c

PODFILE CHECKSUM: e81e2238d7ce7654b03d75aadfd1064ad9c02903

COCOAPODS: 1.3.1
