PODS:
  - AirGap (0.1.0)
  - Alamofire (4.5.1)
  - carousel (0.1.0)
  - carousel-light (0.1.0)
  - checkout (0.1.0)
  - dealdetails (0.1.0)
  - SwiftyJSON (3.1.4)

DEPENDENCIES:
  - AirGap (from `../air-gap/`)
  - Alamofire
  - carousel (from `../carousel`)
  - carousel-light (from `../carousel-light`)
  - checkout (from `../checkout`)
  - dealdetails (from `../dealdetails`)
  - SwiftyJSON

EXTERNAL SOURCES:
  AirGap:
    :path: ../air-gap/
  carousel:
    :path: ../carousel
  carousel-light:
    :path: ../carousel-light
  checkout:
    :path: ../checkout
  dealdetails:
    :path: ../dealdetails

SPEC CHECKSUMS:
  AirGap: cb9b171c564ec7cbd73c7d5250a4f3c378e92286
  Alamofire: 2d95912bf4c34f164fdfc335872e8c312acaea4a
  carousel: 33b1e88acf3cb540f00e6e60461398edc075d2da
  carousel-light: 2d89b9080eee83b7eb48498cbbe76aa346d79aa3
  checkout: b259c252b7bf3ffa29c30867cbf1a30213d27646
  dealdetails: 95dcdd2917a668416942c222b30f9ee4b2537dd9
  SwiftyJSON: c2842d878f95482ffceec5709abc3d05680c0220

PODFILE CHECKSUM: e81e2238d7ce7654b03d75aadfd1064ad9c02903

COCOAPODS: 1.3.1
